# blueprint-input-sha256 build-requirements.in 0229c4887280414e221f8a733357045c3b98d0f99a19e7b0ec2e61e3503604a3
# blueprint-target cpython-3.11 linux-x86_64-manylinux_2_28 torch-cu124
# blueprint-exclude-newer 2026-08-01T00:00:00Z
# blueprint-source-exceptions none
# This file was autogenerated by uv via the following command:
#    python scripts/compile_reconstruction_worker_lock.py
pip==24.2 \
    --hash=sha256:2cd581cf58ab7fcfca4ce8efa6dcacd0de5bf8d0a3eb9ec927e07405f4d9e2a2 \
    --hash=sha256:5b5e490b5e9cb275c879595064adce9ebd31b854e3e803740b72f9ccf34a45b8
setuptools==78.1.1 \
    --hash=sha256:c3a9c4211ff4c309edb8b8c4f1cbfa7ae324c4ba9f91ff254e3d305b9fd54561 \
    --hash=sha256:fcc17fd9cd898242f6b4adfaca46137a9edef687f43e6f78469692a5e70d851d
wheel==0.44.0 \
    --hash=sha256:2376a90c98cc337d18623527a97c31797bd02bad0033d41547043a1cbfbe448f \
    --hash=sha256:a29c3f2817e95ab89aa4660681ad547c0e9547f20e75b0562fe7723c9a2a9d49
